
Microsoft Visual Studio Solution File, Format Version 12.00
# Visual Studio Version 17
VisualStudioVersion = 17.2.32630.192
MinimumVisualStudioVersion = 10.0.40219.1
Project("{FAE04EC0-301F-11D3-BF4B-00C04F79EFBC}") = "ConsoleAppDsplaysphotoidsandtitleinanAlbum", "ConsoleAppDsplaysphotoidsandtitleinanAlbum\ConsoleAppDsplaysphotoidsandtitleinanAlbum.csproj", "{B80438A1-0C41-457D-8D03-8A07CD0A756D}"
EndProject
Project("{FAE04EC0-301F-11D3-BF4B-00C04F79EFBC}") = "UnitTestProject2", "UnitTestProject2\UnitTestProject2.csproj", "{7D576A56-58E7-4C93-9DDA-5F0F5F37DE6E}"
EndProject
Global
	GlobalSection(SolutionConfigurationPlatforms) = preSolution
		Debug|Any CPU = Debug|Any CPU
		Release|Any CPU = Release|Any CPU
	EndGlobalSection
	GlobalSection(ProjectConfigurationPlatforms) = postSolution
		{B80438A1-0C41-457D-8D03-8A07CD0A756D}.Debug|Any CPU.ActiveCfg = Debug|Any CPU
		{B80438A1-0C41-457D-8D03-8A07CD0A756D}.Debug|Any CPU.Build.0 = Debug|Any CPU
		{B80438A1-0C41-457D-8D03-8A07CD0A756D}.Release|Any CPU.ActiveCfg = Release|Any CPU
		{B80438A1-0C41-457D-8D03-8A07CD0A756D}.Release|Any CPU.Build.0 = Release|Any CPU
		{7D576A56-58E7-4C93-9DDA-5F0F5F37DE6E}.Debug|Any CPU.ActiveCfg = Debug|Any CPU
		{7D576A56-58E7-4C93-9DDA-5F0F5F37DE6E}.Debug|Any CPU.Build.0 = Debug|Any CPU
		{7D576A56-58E7-4C93-9DDA-5F0F5F37DE6E}.Release|Any CPU.ActiveCfg = Release|Any CPU
		{7D576A56-58E7-4C93-9DDA-5F0F5F37DE6E}.Release|Any CPU.Build.0 = Release|Any CPU
	EndGlobalSection
	GlobalSection(SolutionProperties) = preSolution
		HideSolutionNode = FALSE
	EndGlobalSection
	GlobalSection(ExtensibilityGlobals) = postSolution
		SolutionGuid = {67CF2603-0623-4D69-A681-96018A295709}
	EndGlobalSection
EndGlobal
